
Microsoft Visual Studio Solution File, Format Version 11.00
# Visual Studio 2010
Project("{FAE04EC0-301F-11D3-BF4B-00C04F79EFBC}") = "NumerianMF", "NumerianMF\NumerianMF.csproj", "{39689921-AA17-4E55-8513-5AF781B0C7BF}"
EndProject
Global
	GlobalSection(SolutionConfigurationPlatforms) = preSolution
		Debug|x86 = Debug|x86
		Release|x86 = Release|x86
	EndGlobalSection
	GlobalSection(ProjectConfigurationPlatforms) = postSolution
		{39689921-AA17-4E55-8513-5AF781B0C7BF}.Debug|x86.ActiveCfg = Debug|x86
		{39689921-AA17-4E55-8513-5AF781B0C7BF}.Debug|x86.Build.0 = Debug|x86
		{39689921-AA17-4E55-8513-5AF781B0C7BF}.Release|x86.ActiveCfg = Release|x86
		{39689921-AA17-4E55-8513-5AF781B0C7BF}.Release|x86.Build.0 = Release|x86
	EndGlobalSection
	GlobalSection(MonoDevelopProperties) = preSolution
		StartupItem = NumerianMF\NumerianMF.csproj
	EndGlobalSection
EndGlobal
